
Microsoft Visual Studio Solution File, Format Version 12.00
# Visual Studio Version 16
VisualStudioVersion = 16.0.30002.166
MinimumVisualStudioVersion = 10.0.40219.1
Project("{FAE04EC0-301F-11D3-BF4B-00C04F79EFBC}") = "WorkerServiceDemo", "WorkerServiceDemo\WorkerServiceDemo.csproj", "{6B0E8005-5A9E-48C3-83EB-C0441819F40B}"
EndProject
Global
	GlobalSection(SolutionConfigurationPlatforms) = preSolution
		Debug|Any CPU = Debug|Any CPU
		Release|Any CPU = Release|Any CPU
	EndGlobalSection
	GlobalSection(ProjectConfigurationPlatforms) = postSolution
		{6B0E8005-5A9E-48C3-83EB-C0441819F40B}.Debug|Any CPU.ActiveCfg = Debug|Any CPU
		{6B0E8005-5A9E-48C3-83EB-C0441819F40B}.Debug|Any CPU.Build.0 = Debug|Any CPU
		{6B0E8005-5A9E-48C3-83EB-C0441819F40B}.Release|Any CPU.ActiveCfg = Release|Any CPU
		{6B0E8005-5A9E-48C3-83EB-C0441819F40B}.Release|Any CPU.Build.0 = Release|Any CPU
	EndGlobalSection
	GlobalSection(SolutionProperties) = preSolution
		HideSolutionNode = FALSE
	EndGlobalSection
	GlobalSection(ExtensibilityGlobals) = postSolution
		SolutionGuid = {C029960F-38AE-4234-A02E-8497B4128A80}
	EndGlobalSection
EndGlobal
